
Microsoft Visual Studio Solution File, Format Version 12.00
# Visual Studio 15
VisualStudioVersion = 15.0.27703.2026
MinimumVisualStudioVersion = 10.0.40219.1
Project("{9A19103F-16F7-4668-BE54-9A1E7A4F7556}") = "UniqueFiles.BL", "UniqueFiles.BL\UniqueFiles.BL.csproj", "{36865167-8535-4913-826D-C6A158EFA439}"
EndProject
Project("{9A19103F-16F7-4668-BE54-9A1E7A4F7556}") = "UniqueFiles.BL.Tests", "UniqueFiles.BL.Tests\UniqueFiles.BL.Tests.csproj", "{A9CC873F-39B2-42ED-907F-4EF411996AB5}"
EndProject
Project("{FAE04EC0-301F-11D3-BF4B-00C04F79EFBC}") = "UniqueFiles.ConsoleApp", "UniqueFiles.Console\UniqueFiles.ConsoleApp.csproj", "{BDEBB422-1E49-4D5A-9796-4DD489EAAD69}"
EndProject
Project("{FAE04EC0-301F-11D3-BF4B-00C04F79EFBC}") = "UniqueFiles.ConsoleFrameworkApp", "UniqueFiles.ConsoleFrameworkApp\UniqueFiles.ConsoleFrameworkApp.csproj", "{ABEAD62A-67F0-496A-B828-5193F843E013}"
EndProject
Global
	GlobalSection(SolutionConfigurationPlatforms) = preSolution
		Debug|Any CPU = Debug|Any CPU
		Release|Any CPU = Release|Any CPU
	EndGlobalSection
	GlobalSection(ProjectConfigurationPlatforms) = postSolution
		{36865167-8535-4913-826D-C6A158EFA439}.Debug|Any CPU.ActiveCfg = Debug|Any CPU
		{36865167-8535-4913-826D-C6A158EFA439}.Debug|Any CPU.Build.0 = Debug|Any CPU
		{36865167-8535-4913-826D-C6A158EFA439}.Release|Any CPU.ActiveCfg = Release|Any CPU
		{36865167-8535-4913-826D-C6A158EFA439}.Release|Any CPU.Build.0 = Release|Any CPU
		{A9CC873F-39B2-42ED-907F-4EF411996AB5}.Debug|Any CPU.ActiveCfg = Debug|Any CPU
		{A9CC873F-39B2-42ED-907F-4EF411996AB5}.Debug|Any CPU.Build.0 = Debug|Any CPU
		{A9CC873F-39B2-42ED-907F-4EF411996AB5}.Release|Any CPU.ActiveCfg = Release|Any CPU
		{A9CC873F-39B2-42ED-907F-4EF411996AB5}.Release|Any CPU.Build.0 = Release|Any CPU
		{BDEBB422-1E49-4D5A-9796-4DD489EAAD69}.Debug|Any CPU.ActiveCfg = Debug|Any CPU
		{BDEBB422-1E49-4D5A-9796-4DD489EAAD69}.Debug|Any CPU.Build.0 = Debug|Any CPU
		{BDEBB422-1E49-4D5A-9796-4DD489EAAD69}.Release|Any CPU.ActiveCfg = Release|Any CPU
		{BDEBB422-1E49-4D5A-9796-4DD489EAAD69}.Release|Any CPU.Build.0 = Release|Any CPU
		{ABEAD62A-67F0-496A-B828-5193F843E013}.Debug|Any CPU.ActiveCfg = Debug|Any CPU
		{ABEAD62A-67F0-496A-B828-5193F843E013}.Debug|Any CPU.Build.0 = Debug|Any CPU
		{ABEAD62A-67F0-496A-B828-5193F843E013}.Release|Any CPU.ActiveCfg = Release|Any CPU
		{ABEAD62A-67F0-496A-B828-5193F843E013}.Release|Any CPU.Build.0 = Release|Any CPU
	EndGlobalSection
	GlobalSection(SolutionProperties) = preSolution
		HideSolutionNode = FALSE
	EndGlobalSection
	GlobalSection(ExtensibilityGlobals) = postSolution
		SolutionGuid = {045D2CDD-852C-4160-9498-00A76783C77F}
	EndGlobalSection
EndGlobal
